
Microsoft Visual Studio Solution File, Format Version 11.00
# Visual Studio 2010
Project("{FAE04EC0-301F-11D3-BF4B-00C04F79EFBC}") = "FinalDimension", "FinalDimension\FinalDimension.contentproj", "{5F0BDB21-E0F7-40A4-97D5-21CBBE69F760}"
EndProject
Project("{FAE04EC0-301F-11D3-BF4B-00C04F79EFBC}") = "FinalDimensionEngine", "FinalDimensionEngine\FinalDimensionEngine.csproj", "{84D577AC-3B91-4FE8-BE8B-4EF971429463}"
EndProject
Global
	GlobalSection(SolutionConfigurationPlatforms) = preSolution
		Debug|Any CPU = Debug|Any CPU
		Release|Any CPU = Release|Any CPU
	EndGlobalSection
	GlobalSection(ProjectConfigurationPlatforms) = postSolution
		{5F0BDB21-E0F7-40A4-97D5-21CBBE69F760}.Debug|Any CPU.ActiveCfg = Debug|Any CPU
		{5F0BDB21-E0F7-40A4-97D5-21CBBE69F760}.Debug|Any CPU.Build.0 = Debug|Any CPU
		{5F0BDB21-E0F7-40A4-97D5-21CBBE69F760}.Release|Any CPU.ActiveCfg = Release|Any CPU
		{5F0BDB21-E0F7-40A4-97D5-21CBBE69F760}.Release|Any CPU.Build.0 = Release|Any CPU
		{84D577AC-3B91-4FE8-BE8B-4EF971429463}.Debug|Any CPU.ActiveCfg = Debug|Any CPU
		{84D577AC-3B91-4FE8-BE8B-4EF971429463}.Debug|Any CPU.Build.0 = Debug|Any CPU
		{84D577AC-3B91-4FE8-BE8B-4EF971429463}.Release|Any CPU.ActiveCfg = Release|Any CPU
		{84D577AC-3B91-4FE8-BE8B-4EF971429463}.Release|Any CPU.Build.0 = Release|Any CPU
	EndGlobalSection
	GlobalSection(MonoDevelopProperties) = preSolution
		StartupItem = FinalDimension\FinalDimension.contentproj
	EndGlobalSection
EndGlobal
